{
    "_readme": [
        "This file locks the dependencies of your project to a known state",
        "Read more about it at https://getcomposer.org/doc/01-basic-usage.md#installing-dependencies",
        "This file is @generated automatically"
    ],
    "content-hash": "d7ee2ae022a113696caf551dfc05ebe5",
    "packages": [
        {
            "name": "fuyuezhen/swostar",
            "version": "v1.0.2",
            "source": {
                "type": "git",
                "url": "https://github.com/fuyuezhen/swostar.git",
                "reference": "4e0216ac3da9833413df1c40bcd99cecb143e8ff"
            },
            "dist": {
                "type": "zip",
                "url": "https://api.github.com/repos/fuyuezhen/swostar/zipball/4e0216ac3da9833413df1c40bcd99cecb143e8ff",
                "reference": "4e0216ac3da9833413df1c40bcd99cecb143e8ff",
                "shasum": ""
            },
            "type": "library",
            "autoload": {
                "psr-4": {
                    "swostar\\": "src"
                },
                "files": [
                    "src/helper.php"
                ]
            },
            "notification-url": "https://packagist.org/downloads/",
            "license": [
                "MIT"
            ],
            "authors": [
                {
                    "name": "fuyuezhen",
                    "email": "976066889@qq.com"
                }
            ],
            "support": {
                "issues": "https://github.com/fuyuezhen/swostar/issues",
                "source": "https://github.com/fuyuezhen/swostar/tree/v1.0.2"
            },
            "time": "2021-06-12T12:08:11+00:00"
        }
    ],
    "packages-dev": [],
    "aliases": [],
    "minimum-stability": "stable",
    "stability-flags": [],
    "prefer-stable": false,
    "prefer-lowest": false,
    "platform": {
        "php": ">7.0"
    },
    "platform-dev": [],
    "plugin-api-version": "2.1.0"
}
